
Microsoft Visual Studio Solution File, Format Version 12.00
Project("{FAE04EC0-301F-11D3-BF4B-00C04F79EFBC}") = "Project_financial_system", "Project_financial_system.csproj", "{3A31E86E-C8E2-4D2F-B27C-C4B43C5EF3BD}"
EndProject
Global
	GlobalSection(SolutionConfigurationPlatforms) = preSolution
		Debug|Any CPU = Debug|Any CPU
		Release|Any CPU = Release|Any CPU
	EndGlobalSection
	GlobalSection(ProjectConfigurationPlatforms) = postSolution
		{3A31E86E-C8E2-4D2F-B27C-C4B43C5EF3BD}.Debug|Any CPU.ActiveCfg = Debug|Any CPU
		{3A31E86E-C8E2-4D2F-B27C-C4B43C5EF3BD}.Debug|Any CPU.Build.0 = Debug|Any CPU
		{3A31E86E-C8E2-4D2F-B27C-C4B43C5EF3BD}.Release|Any CPU.ActiveCfg = Release|Any CPU
		{3A31E86E-C8E2-4D2F-B27C-C4B43C5EF3BD}.Release|Any CPU.Build.0 = Release|Any CPU
	EndGlobalSection
EndGlobal
